
Microsoft Visual Studio Solution File, Format Version 10.00
# Visual Studio 2008
Project("{FAE04EC0-301F-11D3-BF4B-00C04F79EFBC}") = "Domain", "Domain\Domain.csproj", "{E4B97903-54C5-4442-A457-DADF05A95334}"
EndProject
Project("{FAE04EC0-301F-11D3-BF4B-00C04F79EFBC}") = "Tests", "Tests\Tests.csproj", "{38D0D073-F9B7-4BF5-A1A6-A1C7895245FE}"
EndProject
Project("{FAE04EC0-301F-11D3-BF4B-00C04F79EFBC}") = "ConsoleApp", "ConsoleApp\ConsoleApp.csproj", "{D8D3C8F0-A2E5-4A76-B996-247AE00F5322}"
EndProject
Global
	GlobalSection(SolutionConfigurationPlatforms) = preSolution
		Debug|Any CPU = Debug|Any CPU
		Release|Any CPU = Release|Any CPU
	EndGlobalSection
	GlobalSection(ProjectConfigurationPlatforms) = postSolution
		{E4B97903-54C5-4442-A457-DADF05A95334}.Debug|Any CPU.ActiveCfg = Debug|Any CPU
		{E4B97903-54C5-4442-A457-DADF05A95334}.Debug|Any CPU.Build.0 = Debug|Any CPU
		{E4B97903-54C5-4442-A457-DADF05A95334}.Release|Any CPU.ActiveCfg = Release|Any CPU
		{E4B97903-54C5-4442-A457-DADF05A95334}.Release|Any CPU.Build.0 = Release|Any CPU
		{38D0D073-F9B7-4BF5-A1A6-A1C7895245FE}.Debug|Any CPU.ActiveCfg = Debug|Any CPU
		{38D0D073-F9B7-4BF5-A1A6-A1C7895245FE}.Debug|Any CPU.Build.0 = Debug|Any CPU
		{38D0D073-F9B7-4BF5-A1A6-A1C7895245FE}.Release|Any CPU.ActiveCfg = Release|Any CPU
		{38D0D073-F9B7-4BF5-A1A6-A1C7895245FE}.Release|Any CPU.Build.0 = Release|Any CPU
		{D8D3C8F0-A2E5-4A76-B996-247AE00F5322}.Debug|Any CPU.ActiveCfg = Debug|Any CPU
		{D8D3C8F0-A2E5-4A76-B996-247AE00F5322}.Debug|Any CPU.Build.0 = Debug|Any CPU
		{D8D3C8F0-A2E5-4A76-B996-247AE00F5322}.Release|Any CPU.ActiveCfg = Release|Any CPU
		{D8D3C8F0-A2E5-4A76-B996-247AE00F5322}.Release|Any CPU.Build.0 = Release|Any CPU
	EndGlobalSection
	GlobalSection(SolutionProperties) = preSolution
		HideSolutionNode = FALSE
	EndGlobalSection
EndGlobal
